
Microsoft Visual Studio Solution File, Format Version 12.00
# Visual Studio Version 17
VisualStudioVersion = 17.3.32929.385
MinimumVisualStudioVersion = 10.0.40219.1
Project("{FAE04EC0-301F-11D3-BF4B-00C04F79EFBC}") = "Mod4Sayac", "Mod4Sayac\Mod4Sayac.csproj", "{86E3A994-5C27-465C-B998-8C7D5DFF57D7}"
EndProject
Project("{FAE04EC0-301F-11D3-BF4B-00C04F79EFBC}") = "_Ondalikli_Bir_Sayi_8Bit_Isaretli_Binary", "_Ondalikli_Bir_Sayi_8Bit_Isaretli_Binary\_Ondalikli_Bir_Sayi_8Bit_Isaretli_Binary.csproj", "{CBD68B93-6A6E-496A-9C2E-9B03D10E1E33}"
EndProject
Global
	GlobalSection(SolutionConfigurationPlatforms) = preSolution
		Debug|Any CPU = Debug|Any CPU
		Release|Any CPU = Release|Any CPU
	EndGlobalSection
	GlobalSection(ProjectConfigurationPlatforms) = postSolution
		{86E3A994-5C27-465C-B998-8C7D5DFF57D7}.Debug|Any CPU.ActiveCfg = Debug|Any CPU
		{86E3A994-5C27-465C-B998-8C7D5DFF57D7}.Debug|Any CPU.Build.0 = Debug|Any CPU
		{86E3A994-5C27-465C-B998-8C7D5DFF57D7}.Release|Any CPU.ActiveCfg = Release|Any CPU
		{86E3A994-5C27-465C-B998-8C7D5DFF57D7}.Release|Any CPU.Build.0 = Release|Any CPU
		{CBD68B93-6A6E-496A-9C2E-9B03D10E1E33}.Debug|Any CPU.ActiveCfg = Debug|Any CPU
		{CBD68B93-6A6E-496A-9C2E-9B03D10E1E33}.Debug|Any CPU.Build.0 = Debug|Any CPU
		{CBD68B93-6A6E-496A-9C2E-9B03D10E1E33}.Release|Any CPU.ActiveCfg = Release|Any CPU
		{CBD68B93-6A6E-496A-9C2E-9B03D10E1E33}.Release|Any CPU.Build.0 = Release|Any CPU
	EndGlobalSection
	GlobalSection(SolutionProperties) = preSolution
		HideSolutionNode = FALSE
	EndGlobalSection
	GlobalSection(ExtensibilityGlobals) = postSolution
		SolutionGuid = {FB9B2F5C-CF76-4475-8CB4-69FA39A75B7C}
	EndGlobalSection
EndGlobal
